
Microsoft Visual Studio Solution File, Format Version 12.00
# Visual Studio 15
VisualStudioVersion = 15.0.27130.2027
MinimumVisualStudioVersion = 10.0.40219.1
Project("{FAE04EC0-301F-11D3-BF4B-00C04F79EFBC}") = "NewProject", "NewProject\NewProject.csproj", "{B250FAB3-95BB-4BB0-9BBE-786A15D2C342}"
EndProject
Global
	GlobalSection(SolutionConfigurationPlatforms) = preSolution
		Debug|Any CPU = Debug|Any CPU
		Release|Any CPU = Release|Any CPU
	EndGlobalSection
	GlobalSection(ProjectConfigurationPlatforms) = postSolution
		{B250FAB3-95BB-4BB0-9BBE-786A15D2C342}.Debug|Any CPU.ActiveCfg = Debug|Any CPU
		{B250FAB3-95BB-4BB0-9BBE-786A15D2C342}.Debug|Any CPU.Build.0 = Debug|Any CPU
		{B250FAB3-95BB-4BB0-9BBE-786A15D2C342}.Release|Any CPU.ActiveCfg = Release|Any CPU
		{B250FAB3-95BB-4BB0-9BBE-786A15D2C342}.Release|Any CPU.Build.0 = Release|Any CPU
	EndGlobalSection
	GlobalSection(SolutionProperties) = preSolution
		HideSolutionNode = FALSE
	EndGlobalSection
	GlobalSection(ExtensibilityGlobals) = postSolution
		SolutionGuid = {E01062FC-6D74-4633-90BB-FFF8C5004682}
	EndGlobalSection
EndGlobal
