
Microsoft Visual Studio Solution File, Format Version 12.00
# Visual Studio 15
VisualStudioVersion = 15.0.27130.2027
MinimumVisualStudioVersion = 10.0.40219.1
Project("{2150E333-8FDC-42A3-9474-1A3956D46DE8}") = "src", "src", "{D9254CA7-AED3-411D-B2B3-E846A021F765}"
EndProject
Project("{FAE04EC0-301F-11D3-BF4B-00C04F79EFBC}") = "Quick_Application1", "Quick Application1\Quick_Application1\Quick_Application1.csproj", "{1ED8A097-A1C9-4EF8-ABE5-C3628A4DCA44}"
EndProject
Project("{FAE04EC0-301F-11D3-BF4B-00C04F79EFBC}") = "DAL", "Quick Application1\DAL\DAL.csproj", "{CC095C43-0A0E-499A-8CBC-D58D836B800B}"
EndProject
Global
	GlobalSection(SolutionConfigurationPlatforms) = preSolution
		Debug|Any CPU = Debug|Any CPU
		Release|Any CPU = Release|Any CPU
	EndGlobalSection
	GlobalSection(ProjectConfigurationPlatforms) = postSolution
		{1ED8A097-A1C9-4EF8-ABE5-C3628A4DCA44}.Debug|Any CPU.ActiveCfg = Debug|Any CPU
		{1ED8A097-A1C9-4EF8-ABE5-C3628A4DCA44}.Debug|Any CPU.Build.0 = Debug|Any CPU
		{1ED8A097-A1C9-4EF8-ABE5-C3628A4DCA44}.Release|Any CPU.ActiveCfg = Release|Any CPU
		{1ED8A097-A1C9-4EF8-ABE5-C3628A4DCA44}.Release|Any CPU.Build.0 = Release|Any CPU
		{CC095C43-0A0E-499A-8CBC-D58D836B800B}.Debug|Any CPU.ActiveCfg = Debug|Any CPU
		{CC095C43-0A0E-499A-8CBC-D58D836B800B}.Debug|Any CPU.Build.0 = Debug|Any CPU
		{CC095C43-0A0E-499A-8CBC-D58D836B800B}.Release|Any CPU.ActiveCfg = Release|Any CPU
		{CC095C43-0A0E-499A-8CBC-D58D836B800B}.Release|Any CPU.Build.0 = Release|Any CPU
	EndGlobalSection
	GlobalSection(SolutionProperties) = preSolution
		HideSolutionNode = FALSE
	EndGlobalSection
	GlobalSection(NestedProjects) = preSolution
		{1ED8A097-A1C9-4EF8-ABE5-C3628A4DCA44} = {D9254CA7-AED3-411D-B2B3-E846A021F765}
		{CC095C43-0A0E-499A-8CBC-D58D836B800B} = {D9254CA7-AED3-411D-B2B3-E846A021F765}
	EndGlobalSection
	GlobalSection(ExtensibilityGlobals) = postSolution
		SolutionGuid = {BE37966B-E1D4-4F59-9427-7490ED310AAD}
	EndGlobalSection
EndGlobal
