
Microsoft Visual Studio Solution File, Format Version 12.00
# Visual Studio 15
VisualStudioVersion = 15.0.27130.2027
MinimumVisualStudioVersion = 10.0.40219.1
Project("{FAE04EC0-301F-11D3-BF4B-00C04F79EFBC}") = "WebApplication2", "WebApplication2\WebApplication2.csproj", "{03B13F74-B28E-45FD-A724-A37D9975751E}"
EndProject
Global
	GlobalSection(SolutionConfigurationPlatforms) = preSolution
		Debug|Any CPU = Debug|Any CPU
		Release|Any CPU = Release|Any CPU
	EndGlobalSection
	GlobalSection(ProjectConfigurationPlatforms) = postSolution
		{03B13F74-B28E-45FD-A724-A37D9975751E}.Debug|Any CPU.ActiveCfg = Debug|Any CPU
		{03B13F74-B28E-45FD-A724-A37D9975751E}.Debug|Any CPU.Build.0 = Debug|Any CPU
		{03B13F74-B28E-45FD-A724-A37D9975751E}.Release|Any CPU.ActiveCfg = Release|Any CPU
		{03B13F74-B28E-45FD-A724-A37D9975751E}.Release|Any CPU.Build.0 = Release|Any CPU
	EndGlobalSection
	GlobalSection(SolutionProperties) = preSolution
		HideSolutionNode = FALSE
	EndGlobalSection
	GlobalSection(ExtensibilityGlobals) = postSolution
		SolutionGuid = {15381FC9-6A2B-4F70-9848-C42EE18E86E1}
	EndGlobalSection
EndGlobal
