
Microsoft Visual Studio Solution File, Format Version 12.00
# Visual Studio 15
VisualStudioVersion = 15.0.27130.2027
MinimumVisualStudioVersion = 10.0.40219.1
Project("{FAE04EC0-301F-11D3-BF4B-00C04F79EFBC}") = "CSAssignment3", "CSAssignment3.csproj", "{53B955B3-23B9-46BC-86DE-20DA12A441FB}"
EndProject
Global
	GlobalSection(SolutionConfigurationPlatforms) = preSolution
		Debug|Any CPU = Debug|Any CPU
		Release|Any CPU = Release|Any CPU
	EndGlobalSection
	GlobalSection(ProjectConfigurationPlatforms) = postSolution
		{53B955B3-23B9-46BC-86DE-20DA12A441FB}.Debug|Any CPU.ActiveCfg = Debug|Any CPU
		{53B955B3-23B9-46BC-86DE-20DA12A441FB}.Debug|Any CPU.Build.0 = Debug|Any CPU
		{53B955B3-23B9-46BC-86DE-20DA12A441FB}.Release|Any CPU.ActiveCfg = Release|Any CPU
		{53B955B3-23B9-46BC-86DE-20DA12A441FB}.Release|Any CPU.Build.0 = Release|Any CPU
	EndGlobalSection
	GlobalSection(SolutionProperties) = preSolution
		HideSolutionNode = FALSE
	EndGlobalSection
	GlobalSection(ExtensibilityGlobals) = postSolution
		SolutionGuid = {43C69A42-6C8A-4882-95DA-F549CBAC6512}
	EndGlobalSection
EndGlobal
